
Microsoft Visual Studio Solution File, Format Version 12.00
# Visual Studio Version 17
VisualStudioVersion = 17.2.32526.322
MinimumVisualStudioVersion = 10.0.40219.1
Project("{FAE04EC0-301F-11D3-BF4B-00C04F79EFBC}") = "Estudos", "Estudos\Estudos.csproj", "{F24BACE0-D6B0-4DD8-BFDA-A17235C14523}"
EndProject
Global
	GlobalSection(SolutionConfigurationPlatforms) = preSolution
		Debug|Any CPU = Debug|Any CPU
		Release|Any CPU = Release|Any CPU
	EndGlobalSection
	GlobalSection(ProjectConfigurationPlatforms) = postSolution
		{F24BACE0-D6B0-4DD8-BFDA-A17235C14523}.Debug|Any CPU.ActiveCfg = Debug|Any CPU
		{F24BACE0-D6B0-4DD8-BFDA-A17235C14523}.Debug|Any CPU.Build.0 = Debug|Any CPU
		{F24BACE0-D6B0-4DD8-BFDA-A17235C14523}.Release|Any CPU.ActiveCfg = Release|Any CPU
		{F24BACE0-D6B0-4DD8-BFDA-A17235C14523}.Release|Any CPU.Build.0 = Release|Any CPU
	EndGlobalSection
	GlobalSection(SolutionProperties) = preSolution
		HideSolutionNode = FALSE
	EndGlobalSection
	GlobalSection(ExtensibilityGlobals) = postSolution
		SolutionGuid = {24453A22-0856-4722-B2D4-146EAD801D19}
	EndGlobalSection
EndGlobal
